// !$*UTF8*$!
{
	archiveVersion = 1;
	classes = {
	};
	objectVersion = 46;
	objects = {

/* Begin PBXBuildFile section */
		04B4E6401C1E8A7B00E20778 /* AppDelegate.swift in Sources */ = {isa = PBXBuildFile; fileRef = 04B4E63F1C1E8A7B00E20778 /* AppDelegate.swift */; };
		04B4E6421C1E8A7B00E20778 /* ViewController.swift in Sources */ = {isa = PBXBuildFile; fileRef = 04B4E6411C1E8A7B00E20778 /* ViewController.swift */; };
		04B4E6471C1E8A7C00E20778 /* Assets.xcassets in Resources */ = {isa = PBXBuildFile; fileRef = 04B4E6461C1E8A7C00E20778 /* Assets.xcassets */; };
		065A0FA31A25C8E2005BA7BC /* AppDelegate.swift in Sources */ = {isa = PBXBuildFile; fileRef = 065A0FA21A25C8E2005BA7BC /* AppDelegate.swift */; };
		065A0FA51A25C8E2005BA7BC /* ViewController.swift in Sources */ = {isa = PBXBuildFile; fileRef = 065A0FA41A25C8E2005BA7BC /* ViewController.swift */; };
		065A0FAA1A25C8E2005BA7BC /* Assets.xcassets in Resources */ = {isa = PBXBuildFile; fileRef = 065A0FA91A25C8E2005BA7BC /* Assets.xcassets */; };
		065A0FAD1A25C8E2005BA7BC /* LaunchScreen.xib in Resources */ = {isa = PBXBuildFile; fileRef = 065A0FAB1A25C8E2005BA7BC /* LaunchScreen.xib */; };
		06C0905F1E038F250038CA25 /* Player.swift in Sources */ = {isa = PBXBuildFile; fileRef = 065A0FC51A25C94B005BA7BC /* Player.swift */; };
		848DE8D920D86AEB000807C4 /* AppDelegate.swift in Sources */ = {isa = PBXBuildFile; fileRef = 848DE8D820D86AEB000807C4 /* AppDelegate.swift */; };
		848DE8DB20D86AEF000807C4 /* Assets.xcassets in Resources */ = {isa = PBXBuildFile; fileRef = 848DE8DA20D86AEF000807C4 /* Assets.xcassets */; };
		848DE8E520D86C1E000807C4 /* ViewController.swift in Sources */ = {isa = PBXBuildFile; fileRef = 848DE8E420D86C1E000807C4 /* ViewController.swift */; };
		848DE8E720D87E01000807C4 /* MainMenu.xib in Resources */ = {isa = PBXBuildFile; fileRef = 848DE8DC20D86AEF000807C4 /* MainMenu.xib */; };
		848DE8EF20D8C7FB000807C4 /* Player.h in Headers */ = {isa = PBXBuildFile; fileRef = 848DE8EB20D8C7AC000807C4 /* Player.h */; settings = {ATTRIBUTES = (Public, ); }; };
		848DE8F120D9550A000807C4 /* Player.framework in Frameworks */ = {isa = PBXBuildFile; fileRef = 0638A5311E01BBF8009EE18B /* Player.framework */; };
		848DE8F220D9550A000807C4 /* Player.framework in Embed Frameworks */ = {isa = PBXBuildFile; fileRef = 0638A5311E01BBF8009EE18B /* Player.framework */; settings = {ATTRIBUTES = (CodeSignOnCopy, RemoveHeadersOnCopy, ); }; };
		848DE90020D96741000807C4 /* Player.framework in Frameworks */ = {isa = PBXBuildFile; fileRef = 0638A5311E01BBF8009EE18B /* Player.framework */; };
		848DE90120D96741000807C4 /* Player.framework in Embed Frameworks */ = {isa = PBXBuildFile; fileRef = 0638A5311E01BBF8009EE18B /* Player.framework */; settings = {ATTRIBUTES = (CodeSignOnCopy, RemoveHeadersOnCopy, ); }; };
		848DE90520D96923000807C4 /* Player.framework in Frameworks */ = {isa = PBXBuildFile; fileRef = 0638A5311E01BBF8009EE18B /* Player.framework */; };
		848DE90620D96923000807C4 /* Player.framework in Embed Frameworks */ = {isa = PBXBuildFile; fileRef = 0638A5311E01BBF8009EE18B /* Player.framework */; settings = {ATTRIBUTES = (CodeSignOnCopy, RemoveHeadersOnCopy, ); }; };
/* End PBXBuildFile section */

/* Begin PBXContainerItemProxy section */
		848DE8F320D9550A000807C4 /* PBXContainerItemProxy */ = {
			isa = PBXContainerItemProxy;
			containerPortal = 065A0F951A25C8E2005BA7BC /* Project object */;
			proxyType = 1;
			remoteGlobalIDString = 0638A5301E01BBF8009EE18B;
			remoteInfo = Player;
		};
		848DE90220D96741000807C4 /* PBXContainerItemProxy */ = {
			isa = PBXContainerItemProxy;
			containerPortal = 065A0F951A25C8E2005BA7BC /* Project object */;
			proxyType = 1;
			remoteGlobalIDString = 0638A5301E01BBF8009EE18B;
			remoteInfo = Player;
		};
		848DE90720D96923000807C4 /* PBXContainerItemProxy */ = {
			isa = PBXContainerItemProxy;
			containerPortal = 065A0F951A25C8E2005BA7BC /* Project object */;
			proxyType = 1;
			remoteGlobalIDString = 0638A5301E01BBF8009EE18B;
			remoteInfo = Player;
		};
/* End PBXContainerItemProxy section */

/* Begin PBXCopyFilesBuildPhase section */
		848DE8F520D9550B000807C4 /* Embed Frameworks */ = {
			isa = PBXCopyFilesBuildPhase;
			buildActionMask = 2147483647;
			dstPath = "";
			dstSubfolderSpec = 10;
			files = (
				848DE8F220D9550A000807C4 /* Player.framework in Embed Frameworks */,
			);
			name = "Embed Frameworks";
			runOnlyForDeploymentPostprocessing = 0;
		};
		848DE90420D96741000807C4 /* Embed Frameworks */ = {
			isa = PBXCopyFilesBuildPhase;
			buildActionMask = 2147483647;
			dstPath = "";
			dstSubfolderSpec = 10;
			files = (
				848DE90120D96741000807C4 /* Player.framework in Embed Frameworks */,
			);
			name = "Embed Frameworks";
			runOnlyForDeploymentPostprocessing = 0;
		};
		848DE90920D96923000807C4 /* Embed Frameworks */ = {
			isa = PBXCopyFilesBuildPhase;
			buildActionMask = 2147483647;
			dstPath = "";
			dstSubfolderSpec = 10;
			files = (
				848DE90620D96923000807C4 /* Player.framework in Embed Frameworks */,
			);
			name = "Embed Frameworks";
			runOnlyForDeploymentPostprocessing = 0;
		};
/* End PBXCopyFilesBuildPhase section */

/* Begin PBXFileReference section */
		04B4E63D1C1E8A7B00E20778 /* Player_tv.app */ = {isa = PBXFileReference; explicitFileType = wrapper.application; includeInIndex = 0; path = Player_tv.app; sourceTree = BUILT_PRODUCTS_DIR; };
		04B4E63F1C1E8A7B00E20778 /* AppDelegate.swift */ = {isa = PBXFileReference; lastKnownFileType = sourcecode.swift; path = AppDelegate.swift; sourceTree = "<group>"; };
		04B4E6411C1E8A7B00E20778 /* ViewController.swift */ = {isa = PBXFileReference; lastKnownFileType = sourcecode.swift; path = ViewController.swift; sourceTree = "<group>"; };
		04B4E6461C1E8A7C00E20778 /* Assets.xcassets */ = {isa = PBXFileReference; lastKnownFileType = folder.assetcatalog; path = Assets.xcassets; sourceTree = "<group>"; };
		04B4E6481C1E8A7C00E20778 /* Info.plist */ = {isa = PBXFileReference; lastKnownFileType = text.plist.xml; path = Info.plist; sourceTree = "<group>"; };
		0638A5311E01BBF8009EE18B /* Player.framework */ = {isa = PBXFileReference; explicitFileType = wrapper.framework; includeInIndex = 0; path = Player.framework; sourceTree = BUILT_PRODUCTS_DIR; };
		065A0F9D1A25C8E2005BA7BC /* Player iOS.app */ = {isa = PBXFileReference; explicitFileType = wrapper.application; includeInIndex = 0; path = "Player iOS.app"; sourceTree = BUILT_PRODUCTS_DIR; };
		065A0FA11A25C8E2005BA7BC /* Info.plist */ = {isa = PBXFileReference; lastKnownFileType = text.plist.xml; path = Info.plist; sourceTree = "<group>"; };
		065A0FA21A25C8E2005BA7BC /* AppDelegate.swift */ = {isa = PBXFileReference; lastKnownFileType = sourcecode.swift; path = AppDelegate.swift; sourceTree = "<group>"; };
		065A0FA41A25C8E2005BA7BC /* ViewController.swift */ = {isa = PBXFileReference; lastKnownFileType = sourcecode.swift; path = ViewController.swift; sourceTree = "<group>"; };
		065A0FA91A25C8E2005BA7BC /* Assets.xcassets */ = {isa = PBXFileReference; lastKnownFileType = folder.assetcatalog; path = Assets.xcassets; sourceTree = "<group>"; };
		065A0FAC1A25C8E2005BA7BC /* Base */ = {isa = PBXFileReference; lastKnownFileType = file.xib; name = Base; path = Base.lproj/LaunchScreen.xib; sourceTree = "<group>"; };
		065A0FC51A25C94B005BA7BC /* Player.swift */ = {isa = PBXFileReference; fileEncoding = 4; lastKnownFileType = sourcecode.swift; name = Player.swift; path = ../Sources/Player.swift; sourceTree = "<group>"; };
		848DE8D620D86AEB000807C4 /* Player_macOS.app */ = {isa = PBXFileReference; explicitFileType = wrapper.application; includeInIndex = 0; path = Player_macOS.app; sourceTree = BUILT_PRODUCTS_DIR; };
		848DE8D820D86AEB000807C4 /* AppDelegate.swift */ = {isa = PBXFileReference; lastKnownFileType = sourcecode.swift; name = AppDelegate.swift; path = ../PlayerMac/AppDelegate.swift; sourceTree = "<group>"; };
		848DE8DA20D86AEF000807C4 /* Assets.xcassets */ = {isa = PBXFileReference; lastKnownFileType = folder.assetcatalog; name = Assets.xcassets; path = ../PlayerMac/Assets.xcassets; sourceTree = "<group>"; };
		848DE8DD20D86AEF000807C4 /* Base */ = {isa = PBXFileReference; lastKnownFileType = file.xib; name = Base; path = Base.lproj/MainMenu.xib; sourceTree = "<group>"; };
		848DE8DF20D86AEF000807C4 /* Info.plist */ = {isa = PBXFileReference; lastKnownFileType = text.plist.xml; name = Info.plist; path = ../PlayerMac/Info.plist; sourceTree = "<group>"; };
		848DE8E420D86C1E000807C4 /* ViewController.swift */ = {isa = PBXFileReference; fileEncoding = 4; lastKnownFileType = sourcecode.swift; name = ViewController.swift; path = PlayerMac/ViewController.swift; sourceTree = SOURCE_ROOT; };
		848DE8E820D881E6000807C4 /* Player.entitlements */ = {isa = PBXFileReference; lastKnownFileType = text.plist.entitlements; name = Player.entitlements; path = ../PlayerMac/Player.entitlements; sourceTree = "<group>"; };
		848DE8EA20D8C7AC000807C4 /* Debug.xcconfig */ = {isa = PBXFileReference; lastKnownFileType = text.xcconfig; path = Debug.xcconfig; sourceTree = "<group>"; };
		848DE8EB20D8C7AC000807C4 /* Player.h */ = {isa = PBXFileReference; lastKnownFileType = sourcecode.c.h; path = Player.h; sourceTree = "<group>"; };
		848DE8EC20D8C7AC000807C4 /* Release.xcconfig */ = {isa = PBXFileReference; lastKnownFileType = text.xcconfig; path = Release.xcconfig; sourceTree = "<group>"; };
		848DE8ED20D8C7AC000807C4 /* Info.plist */ = {isa = PBXFileReference; lastKnownFileType = text.plist.xml; path = Info.plist; sourceTree = "<group>"; };
		848DE8EE20D8C7AC000807C4 /* Base.xcconfig */ = {isa = PBXFileReference; lastKnownFileType = text.xcconfig; path = Base.xcconfig; sourceTree = "<group>"; };
/* End PBXFileReference section */

/* Begin PBXFrameworksBuildPhase section */
		04B4E63A1C1E8A7B00E20778 /* Frameworks */ = {
			isa = PBXFrameworksBuildPhase;
			buildActionMask = 2147483647;
			files = (
				848DE90020D96741000807C4 /* Player.framework in Frameworks */,
			);
			runOnlyForDeploymentPostprocessing = 0;
		};
		0638A52D1E01BBF8009EE18B /* Frameworks */ = {
			isa = PBXFrameworksBuildPhase;
			buildActionMask = 2147483647;
			files = (
			);
			runOnlyForDeploymentPostprocessing = 0;
		};
		065A0F9A1A25C8E2005BA7BC /* Frameworks */ = {
			isa = PBXFrameworksBuildPhase;
			buildActionMask = 2147483647;
			files = (
				848DE90520D96923000807C4 /* Player.framework in Frameworks */,
			);
			runOnlyForDeploymentPostprocessing = 0;
		};
		848DE8D320D86AEB000807C4 /* Frameworks */ = {
			isa = PBXFrameworksBuildPhase;
			buildActionMask = 2147483647;
			files = (
				848DE8F120D9550A000807C4 /* Player.framework in Frameworks */,
			);
			runOnlyForDeploymentPostprocessing = 0;
		};
/* End PBXFrameworksBuildPhase section */

/* Begin PBXGroup section */
		04B4E63E1C1E8A7B00E20778 /* tvOS */ = {
			isa = PBXGroup;
			children = (
				04B4E63F1C1E8A7B00E20778 /* AppDelegate.swift */,
				04B4E6411C1E8A7B00E20778 /* ViewController.swift */,
				04B4E6461C1E8A7C00E20778 /* Assets.xcassets */,
				04D702CE1C1E8B8F00879C91 /* Supporting Files */,
			);
			name = tvOS;
			path = PlayerTV;
			sourceTree = "<group>";
		};
		04D702CE1C1E8B8F00879C91 /* Supporting Files */ = {
			isa = PBXGroup;
			children = (
				04B4E6481C1E8A7C00E20778 /* Info.plist */,
			);
			name = "Supporting Files";
			sourceTree = "<group>";
		};
		065A0F941A25C8E2005BA7BC = {
			isa = PBXGroup;
			children = (
				065A0F9F1A25C8E2005BA7BC /* iOS */,
				848DE8D720D86AEB000807C4 /* macOS */,
				04B4E63E1C1E8A7B00E20778 /* tvOS */,
				848DE8E920D8C7AC000807C4 /* Shared */,
				065A0FC21A25C917005BA7BC /* Source */,
				065A0F9E1A25C8E2005BA7BC /* Products */,
			);
			sourceTree = "<group>";
		};
		065A0F9E1A25C8E2005BA7BC /* Products */ = {
			isa = PBXGroup;
			children = (
				065A0F9D1A25C8E2005BA7BC /* Player iOS.app */,
				04B4E63D1C1E8A7B00E20778 /* Player_tv.app */,
				0638A5311E01BBF8009EE18B /* Player.framework */,
				848DE8D620D86AEB000807C4 /* Player_macOS.app */,
			);
			name = Products;
			sourceTree = "<group>";
		};
		065A0F9F1A25C8E2005BA7BC /* iOS */ = {
			isa = PBXGroup;
			children = (
				065A0FA21A25C8E2005BA7BC /* AppDelegate.swift */,
				065A0FA41A25C8E2005BA7BC /* ViewController.swift */,
				065A0FA91A25C8E2005BA7BC /* Assets.xcassets */,
				065A0FAB1A25C8E2005BA7BC /* LaunchScreen.xib */,
				065A0FA01A25C8E2005BA7BC /* Supporting Files */,
			);
			name = iOS;
			path = Player;
			sourceTree = "<group>";
		};
		065A0FA01A25C8E2005BA7BC /* Supporting Files */ = {
			isa = PBXGroup;
			children = (
				065A0FA11A25C8E2005BA7BC /* Info.plist */,
			);
			name = "Supporting Files";
			sourceTree = "<group>";
		};
		065A0FC21A25C917005BA7BC /* Source */ = {
			isa = PBXGroup;
			children = (
				065A0FC51A25C94B005BA7BC /* Player.swift */,
			);
			name = Source;
			sourceTree = "<group>";
		};
		848DE8D720D86AEB000807C4 /* macOS */ = {
			isa = PBXGroup;
			children = (
				848DE8D820D86AEB000807C4 /* AppDelegate.swift */,
				848DE8DA20D86AEF000807C4 /* Assets.xcassets */,
				848DE8DF20D86AEF000807C4 /* Info.plist */,
				848DE8DC20D86AEF000807C4 /* MainMenu.xib */,
				848DE8E820D881E6000807C4 /* Player.entitlements */,
				848DE8E420D86C1E000807C4 /* ViewController.swift */,
			);
			name = macOS;
			path = PlayerMac;
			sourceTree = "<group>";
		};
		848DE8E920D8C7AC000807C4 /* Shared */ = {
			isa = PBXGroup;
			children = (
				848DE8EA20D8C7AC000807C4 /* Debug.xcconfig */,
				848DE8EB20D8C7AC000807C4 /* Player.h */,
				848DE8EC20D8C7AC000807C4 /* Release.xcconfig */,
				848DE8ED20D8C7AC000807C4 /* Info.plist */,
				848DE8EE20D8C7AC000807C4 /* Base.xcconfig */,
			);
			path = Shared;
			sourceTree = "<group>";
		};
/* End PBXGroup section */

/* Begin PBXHeadersBuildPhase section */
		0638A52E1E01BBF8009EE18B /* Headers */ = {
			isa = PBXHeadersBuildPhase;
			buildActionMask = 2147483647;
			files = (
				848DE8EF20D8C7FB000807C4 /* Player.h in Headers */,
			);
			runOnlyForDeploymentPostprocessing = 0;
		};
/* End PBXHeadersBuildPhase section */

/* Begin PBXNativeTarget section */
		04B4E63C1C1E8A7B00E20778 /* Player_tv */ = {
			isa = PBXNativeTarget;
			buildConfigurationList = 04B4E64B1C1E8A7C00E20778 /* Build configuration list for PBXNativeTarget "Player_tv" */;
			buildPhases = (
				04B4E6391C1E8A7B00E20778 /* Sources */,
				04B4E63A1C1E8A7B00E20778 /* Frameworks */,
				04B4E63B1C1E8A7B00E20778 /* Resources */,
				848DE90420D96741000807C4 /* Embed Frameworks */,
			);
			buildRules = (
			);
			dependencies = (
				848DE90320D96741000807C4 /* PBXTargetDependency */,
			);
			name = Player_tv;
			productName = PlayerTV;
			productReference = 04B4E63D1C1E8A7B00E20778 /* Player_tv.app */;
			productType = "com.apple.product-type.application";
		};
		0638A5301E01BBF8009EE18B /* Player */ = {
			isa = PBXNativeTarget;
			buildConfigurationList = 0638A5361E01BBF8009EE18B /* Build configuration list for PBXNativeTarget "Player" */;
			buildPhases = (
				0638A52C1E01BBF8009EE18B /* Sources */,
				0638A52D1E01BBF8009EE18B /* Frameworks */,
				0638A52E1E01BBF8009EE18B /* Headers */,
				0638A52F1E01BBF8009EE18B /* Resources */,
				84F4B33720DA31140007AE86 /* Run SwiftLint */,
			);
			buildRules = (
			);
			dependencies = (
			);
			name = Player;
			productName = Player;
			productReference = 0638A5311E01BBF8009EE18B /* Player.framework */;
			productType = "com.apple.product-type.framework";
		};
		065A0F9C1A25C8E2005BA7BC /* Player_iOS */ = {
			isa = PBXNativeTarget;
			buildConfigurationList = 065A0FBC1A25C8E2005BA7BC /* Build configuration list for PBXNativeTarget "Player_iOS" */;
			buildPhases = (
				065A0F991A25C8E2005BA7BC /* Sources */,
				065A0F9A1A25C8E2005BA7BC /* Frameworks */,
				065A0F9B1A25C8E2005BA7BC /* Resources */,
				848DE90920D96923000807C4 /* Embed Frameworks */,
			);
			buildRules = (
			);
			dependencies = (
				848DE90820D96923000807C4 /* PBXTargetDependency */,
			);
			name = Player_iOS;
			productName = Player;
			productReference = 065A0F9D1A25C8E2005BA7BC /* Player iOS.app */;
			productType = "com.apple.product-type.application";
		};
		848DE8D520D86AEB000807C4 /* Player_macOS */ = {
			isa = PBXNativeTarget;
			buildConfigurationList = 848DE8E120D86AEF000807C4 /* Build configuration list for PBXNativeTarget "Player_macOS" */;
			buildPhases = (
				848DE8D220D86AEB000807C4 /* Sources */,
				848DE8D320D86AEB000807C4 /* Frameworks */,
				848DE8D420D86AEB000807C4 /* Resources */,
				848DE8F520D9550B000807C4 /* Embed Frameworks */,
			);
			buildRules = (
			);
			dependencies = (
				848DE8F420D9550A000807C4 /* PBXTargetDependency */,
			);
			name = Player_macOS;
			productName = Player_macOS;
			productReference = 848DE8D620D86AEB000807C4 /* Player_macOS.app */;
			productType = "com.apple.product-type.application";
		};
/* End PBXNativeTarget section */

/* Begin PBXProject section */
		065A0F951A25C8E2005BA7BC /* Project object */ = {
			isa = PBXProject;
			attributes = {
				LastSwiftMigration = 0700;
				LastSwiftUpdateCheck = 0940;
				LastUpgradeCheck = 0940;
				ORGANIZATIONNAME = "Patrick Piemonte";
				TargetAttributes = {
					04B4E63C1C1E8A7B00E20778 = {
						CreatedOnToolsVersion = 7.2;
						DevelopmentTeam = 9V456WSURS;
						LastSwiftMigration = 0900;
						ProvisioningStyle = Automatic;
					};
					0638A5301E01BBF8009EE18B = {
						CreatedOnToolsVersion = 8.2;
						LastSwiftMigration = 0820;
					};
					065A0F9C1A25C8E2005BA7BC = {
						CreatedOnToolsVersion = 6.1;
						DevelopmentTeam = 9V456WSURS;
						LastSwiftMigration = 0900;
						ProvisioningStyle = Automatic;
					};
					848DE8D520D86AEB000807C4 = {
						CreatedOnToolsVersion = 9.4.1;
						DevelopmentTeam = 9V456WSURS;
						ProvisioningStyle = Automatic;
						SystemCapabilities = {
							com.apple.Sandbox = {
								enabled = 1;
							};
						};
					};
				};
			};
			buildConfigurationList = 065A0F981A25C8E2005BA7BC /* Build configuration list for PBXProject "Player" */;
			compatibilityVersion = "Xcode 3.2";
			developmentRegion = English;
			hasScannedForEncodings = 0;
			knownRegions = (
				en,
				Base,
			);
			mainGroup = 065A0F941A25C8E2005BA7BC;
			productRefGroup = 065A0F9E1A25C8E2005BA7BC /* Products */;
			projectDirPath = "";
			projectRoot = "";
			targets = (
				065A0F9C1A25C8E2005BA7BC /* Player_iOS */,
				04B4E63C1C1E8A7B00E20778 /* Player_tv */,
				848DE8D520D86AEB000807C4 /* Player_macOS */,
				0638A5301E01BBF8009EE18B /* Player */,
			);
		};
/* End PBXProject section */

/* Begin PBXResourcesBuildPhase section */
		04B4E63B1C1E8A7B00E20778 /* Resources */ = {
			isa = PBXResourcesBuildPhase;
			buildActionMask = 2147483647;
			files = (
				04B4E6471C1E8A7C00E20778 /* Assets.xcassets in Resources */,
			);
			runOnlyForDeploymentPostprocessing = 0;
		};
		0638A52F1E01BBF8009EE18B /* Resources */ = {
			isa = PBXResourcesBuildPhase;
			buildActionMask = 2147483647;
			files = (
			);
			runOnlyForDeploymentPostprocessing = 0;
		};
		065A0F9B1A25C8E2005BA7BC /* Resources */ = {
			isa = PBXResourcesBuildPhase;
			buildActionMask = 2147483647;
			files = (
				065A0FAD1A25C8E2005BA7BC /* LaunchScreen.xib in Resources */,
				065A0FAA1A25C8E2005BA7BC /* Assets.xcassets in Resources */,
			);
			runOnlyForDeploymentPostprocessing = 0;
		};
		848DE8D420D86AEB000807C4 /* Resources */ = {
			isa = PBXResourcesBuildPhase;
			buildActionMask = 2147483647;
			files = (
				848DE8E720D87E01000807C4 /* MainMenu.xib in Resources */,
				848DE8DB20D86AEF000807C4 /* Assets.xcassets in Resources */,
			);
			runOnlyForDeploymentPostprocessing = 0;
		};
/* End PBXResourcesBuildPhase section */

/* Begin PBXShellScriptBuildPhase section */
		84F4B33720DA31140007AE86 /* Run SwiftLint */ = {
			isa = PBXShellScriptBuildPhase;
			buildActionMask = 2147483647;
			files = (
			);
			inputPaths = (
			);
			name = "Run SwiftLint";
			outputPaths = (
			);
			runOnlyForDeploymentPostprocessing = 0;
			shellPath = /bin/sh;
			shellScript = "if which swiftlint >/dev/null; then\n    swiftlint\nelse\n    echo \"warning: SwiftLint not installed, download from https://github.com/realm/SwiftLint\"\nfi";
		};
/* End PBXShellScriptBuildPhase section */

/* Begin PBXSourcesBuildPhase section */
		04B4E6391C1E8A7B00E20778 /* Sources */ = {
			isa = PBXSourcesBuildPhase;
			buildActionMask = 2147483647;
			files = (
				04B4E6421C1E8A7B00E20778 /* ViewController.swift in Sources */,
				04B4E6401C1E8A7B00E20778 /* AppDelegate.swift in Sources */,
			);
			runOnlyForDeploymentPostprocessing = 0;
		};
		0638A52C1E01BBF8009EE18B /* Sources */ = {
			isa = PBXSourcesBuildPhase;
			buildActionMask = 2147483647;
			files = (
				06C0905F1E038F250038CA25 /* Player.swift in Sources */,
			);
			runOnlyForDeploymentPostprocessing = 0;
		};
		065A0F991A25C8E2005BA7BC /* Sources */ = {
			isa = PBXSourcesBuildPhase;
			buildActionMask = 2147483647;
			files = (
				065A0FA51A25C8E2005BA7BC /* ViewController.swift in Sources */,
				065A0FA31A25C8E2005BA7BC /* AppDelegate.swift in Sources */,
			);
			runOnlyForDeploymentPostprocessing = 0;
		};
		848DE8D220D86AEB000807C4 /* Sources */ = {
			isa = PBXSourcesBuildPhase;
			buildActionMask = 2147483647;
			files = (
				848DE8E520D86C1E000807C4 /* ViewController.swift in Sources */,
				848DE8D920D86AEB000807C4 /* AppDelegate.swift in Sources */,
			);
			runOnlyForDeploymentPostprocessing = 0;
		};
/* End PBXSourcesBuildPhase section */

/* Begin PBXTargetDependency section */
		848DE8F420D9550A000807C4 /* PBXTargetDependency */ = {
			isa = PBXTargetDependency;
			target = 0638A5301E01BBF8009EE18B /* Player */;
			targetProxy = 848DE8F320D9550A000807C4 /* PBXContainerItemProxy */;
		};
		848DE90320D96741000807C4 /* PBXTargetDependency */ = {
			isa = PBXTargetDependency;
			target = 0638A5301E01BBF8009EE18B /* Player */;
			targetProxy = 848DE90220D96741000807C4 /* PBXContainerItemProxy */;
		};
		848DE90820D96923000807C4 /* PBXTargetDependency */ = {
			isa = PBXTargetDependency;
			target = 0638A5301E01BBF8009EE18B /* Player */;
			targetProxy = 848DE90720D96923000807C4 /* PBXContainerItemProxy */;
		};
/* End PBXTargetDependency section */

/* Begin PBXVariantGroup section */
		065A0FAB1A25C8E2005BA7BC /* LaunchScreen.xib */ = {
			isa = PBXVariantGroup;
			children = (
				065A0FAC1A25C8E2005BA7BC /* Base */,
			);
			name = LaunchScreen.xib;
			sourceTree = "<group>";
		};
		848DE8DC20D86AEF000807C4 /* MainMenu.xib */ = {
			isa = PBXVariantGroup;
			children = (
				848DE8DD20D86AEF000807C4 /* Base */,
			);
			name = MainMenu.xib;
			path = ../PlayerMac;
			sourceTree = "<group>";
		};
/* End PBXVariantGroup section */

/* Begin XCBuildConfiguration section */
		04B4E6491C1E8A7C00E20778 /* Debug */ = {
			isa = XCBuildConfiguration;
			buildSettings = {
				ALWAYS_EMBED_SWIFT_STANDARD_LIBRARIES = YES;
				ASSETCATALOG_COMPILER_APPICON_NAME = "App Icon & Top Shelf Image";
				ASSETCATALOG_COMPILER_LAUNCHIMAGE_NAME = LaunchImage;
				CLANG_CXX_LANGUAGE_STANDARD = "gnu++0x";
				CLANG_CXX_LIBRARY = "libc++";
				CLANG_WARN_BOOL_CONVERSION = YES;
				CLANG_WARN_CONSTANT_CONVERSION = YES;
				CLANG_WARN_EMPTY_BODY = YES;
				CLANG_WARN_ENUM_CONVERSION = YES;
				CLANG_WARN_INT_CONVERSION = YES;
				CODE_SIGN_IDENTITY = "iPhone Developer";
				CODE_SIGN_STYLE = Automatic;
				COPY_PHASE_STRIP = NO;
				DEBUG_INFORMATION_FORMAT = dwarf;
				DEVELOPMENT_TEAM = 9V456WSURS;
				GCC_C_LANGUAGE_STANDARD = gnu99;
				GCC_DYNAMIC_NO_PIC = NO;
				GCC_OPTIMIZATION_LEVEL = 0;
				GCC_WARN_64_TO_32_BIT_CONVERSION = YES;
				GCC_WARN_UNDECLARED_SELECTOR = YES;
				GCC_WARN_UNUSED_FUNCTION = YES;
				GCC_WARN_UNUSED_VARIABLE = YES;
				INFOPLIST_FILE = PlayerTV/Info.plist;
				LD_RUNPATH_SEARCH_PATHS = "$(inherited) @executable_path/Frameworks";
				PRODUCT_BUNDLE_IDENTIFIER = com.patrickpiemonte.PlayerTV;
				PRODUCT_NAME = "$(TARGET_NAME)";
				PROVISIONING_PROFILE_SPECIFIER = "";
				SDKROOT = appletvos;
				TARGETED_DEVICE_FAMILY = 3;
				TVOS_DEPLOYMENT_TARGET = 9.0;
			};
			name = Debug;
		};
		04B4E64A1C1E8A7C00E20778 /* Release */ = {
			isa = XCBuildConfiguration;
			buildSettings = {
				ALWAYS_EMBED_SWIFT_STANDARD_LIBRARIES = YES;
				ASSETCATALOG_COMPILER_APPICON_NAME = "App Icon & Top Shelf Image";
				ASSETCATALOG_COMPILER_LAUNCHIMAGE_NAME = LaunchImage;
				CLANG_CXX_LANGUAGE_STANDARD = "gnu++0x";
				CLANG_CXX_LIBRARY = "libc++";
				CLANG_WARN_BOOL_CONVERSION = YES;
				CLANG_WARN_CONSTANT_CONVERSION = YES;
				CLANG_WARN_EMPTY_BODY = YES;
				CLANG_WARN_ENUM_CONVERSION = YES;
				CLANG_WARN_INT_CONVERSION = YES;
				CODE_SIGN_IDENTITY = "iPhone Developer";
				CODE_SIGN_STYLE = Automatic;
				COPY_PHASE_STRIP = NO;
				DEBUG_INFORMATION_FORMAT = "dwarf-with-dsym";
				DEVELOPMENT_TEAM = 9V456WSURS;
				GCC_C_LANGUAGE_STANDARD = gnu99;
				GCC_WARN_64_TO_32_BIT_CONVERSION = YES;
				GCC_WARN_UNDECLARED_SELECTOR = YES;
				GCC_WARN_UNUSED_FUNCTION = YES;
				GCC_WARN_UNUSED_VARIABLE = YES;
				INFOPLIST_FILE = PlayerTV/Info.plist;
				LD_RUNPATH_SEARCH_PATHS = "$(inherited) @executable_path/Frameworks";
				PRODUCT_BUNDLE_IDENTIFIER = com.patrickpiemonte.PlayerTV;
				PRODUCT_NAME = "$(TARGET_NAME)";
				PROVISIONING_PROFILE_SPECIFIER = "";
				SDKROOT = appletvos;
				TARGETED_DEVICE_FAMILY = 3;
				TVOS_DEPLOYMENT_TARGET = 9.0;
			};
			name = Release;
		};
		0620AB4B1E01CD5900AB27E8 /* Debug */ = {
			isa = XCBuildConfiguration;
			buildSettings = {
				ALWAYS_SEARCH_USER_PATHS = NO;
				DEFINES_MODULE = YES;
				DYLIB_INSTALL_NAME_BASE = "@rpath";
				GCC_DYNAMIC_NO_PIC = NO;
				GCC_OPTIMIZATION_LEVEL = 0;
				INFOPLIST_FILE = "$(SRCROOT)/Shared/Info.plist";
				LD_RUNPATH_SEARCH_PATHS = "$(inherited) @executable_path/Frameworks @loader_path/Frameworks";
				PRODUCT_BUNDLE_IDENTIFIER = "com.patrickpiemonte.$(PRODUCT_NAME:rfc1034identifier)";
				PRODUCT_NAME = Player;
				SDKROOT = "";
				SUPPORTED_PLATFORMS = "iphonesimulator iphoneos appletvos appletvsimulator macosx";
			};
			name = Debug;
		};
		0620AB4C1E01CD5900AB27E8 /* Release */ = {
			isa = XCBuildConfiguration;
			buildSettings = {
				ALWAYS_SEARCH_USER_PATHS = NO;
				DEBUG_INFORMATION_FORMAT = "dwarf-with-dsym";
				DEFINES_MODULE = YES;
				DYLIB_INSTALL_NAME_BASE = "@rpath";
				INFOPLIST_FILE = "$(SRCROOT)/Shared/Info.plist";
				LD_RUNPATH_SEARCH_PATHS = "$(inherited) @executable_path/Frameworks @loader_path/Frameworks";
				PRODUCT_BUNDLE_IDENTIFIER = "com.patrickpiemonte.$(PRODUCT_NAME:rfc1034identifier)";
				PRODUCT_NAME = Player;
				SDKROOT = "";
				SUPPORTED_PLATFORMS = "iphonesimulator iphoneos appletvos appletvsimulator macosx";
			};
			name = Release;
		};
		065A0FBA1A25C8E2005BA7BC /* Debug */ = {
			isa = XCBuildConfiguration;
			buildSettings = {
				ALWAYS_SEARCH_USER_PATHS = NO;
				CLANG_ENABLE_MODULES = YES;
				CLANG_ENABLE_OBJC_ARC = YES;
				CLANG_WARN_BLOCK_CAPTURE_AUTORELEASING = YES;
				CLANG_WARN_BOOL_CONVERSION = YES;
				CLANG_WARN_COMMA = YES;
				CLANG_WARN_CONSTANT_CONVERSION = YES;
				CLANG_WARN_DEPRECATED_OBJC_IMPLEMENTATIONS = YES;
				CLANG_WARN_DIRECT_OBJC_ISA_USAGE = YES_ERROR;
				CLANG_WARN_EMPTY_BODY = YES;
				CLANG_WARN_ENUM_CONVERSION = YES;
				CLANG_WARN_INFINITE_RECURSION = YES;
				CLANG_WARN_INT_CONVERSION = YES;
				CLANG_WARN_NON_LITERAL_NULL_CONVERSION = YES;
				CLANG_WARN_OBJC_IMPLICIT_RETAIN_SELF = YES;
				CLANG_WARN_OBJC_LITERAL_CONVERSION = YES;
				CLANG_WARN_OBJC_ROOT_CLASS = YES_ERROR;
				CLANG_WARN_RANGE_LOOP_ANALYSIS = YES;
				CLANG_WARN_STRICT_PROTOTYPES = YES;
				CLANG_WARN_SUSPICIOUS_MOVE = YES;
				CLANG_WARN_UNREACHABLE_CODE = YES;
				CLANG_WARN__DUPLICATE_METHOD_MATCH = YES;
				ENABLE_STRICT_OBJC_MSGSEND = YES;
				ENABLE_TESTABILITY = YES;
				GCC_NO_COMMON_BLOCKS = YES;
				GCC_PREPROCESSOR_DEFINITIONS = (
					"DEBUG=1",
					"$(inherited)",
				);
				GCC_WARN_64_TO_32_BIT_CONVERSION = YES;
				GCC_WARN_ABOUT_RETURN_TYPE = YES_ERROR;
				GCC_WARN_UNDECLARED_SELECTOR = YES;
				GCC_WARN_UNINITIALIZED_AUTOS = YES_AGGRESSIVE;
				GCC_WARN_UNUSED_FUNCTION = YES;
				GCC_WARN_UNUSED_VARIABLE = YES;
				INFOPLIST_FILE = Framework/Info.plist;
				IPHONEOS_DEPLOYMENT_TARGET = 9.0;
				MACOSX_DEPLOYMENT_TARGET = 10.10;
				MTL_ENABLE_DEBUG_INFO = YES;
				ONLY_ACTIVE_ARCH = YES;
				SDKROOT = iphoneos;
				SWIFT_OPTIMIZATION_LEVEL = "-Onone";
				SWIFT_VERSION = 4.0;
				TVOS_DEPLOYMENT_TARGET = 9.0;
			};
			name = Debug;
		};
		065A0FBB1A25C8E2005BA7BC /* Release */ = {
			isa = XCBuildConfiguration;
			buildSettings = {
				ALWAYS_SEARCH_USER_PATHS = NO;
				CLANG_ENABLE_MODULES = YES;
				CLANG_ENABLE_OBJC_ARC = YES;
				CLANG_WARN_BLOCK_CAPTURE_AUTORELEASING = YES;
				CLANG_WARN_BOOL_CONVERSION = YES;
				CLANG_WARN_COMMA = YES;
				CLANG_WARN_CONSTANT_CONVERSION = YES;
				CLANG_WARN_DEPRECATED_OBJC_IMPLEMENTATIONS = YES;
				CLANG_WARN_DIRECT_OBJC_ISA_USAGE = YES_ERROR;
				CLANG_WARN_EMPTY_BODY = YES;
				CLANG_WARN_ENUM_CONVERSION = YES;
				CLANG_WARN_INFINITE_RECURSION = YES;
				CLANG_WARN_INT_CONVERSION = YES;
				CLANG_WARN_NON_LITERAL_NULL_CONVERSION = YES;
				CLANG_WARN_OBJC_IMPLICIT_RETAIN_SELF = YES;
				CLANG_WARN_OBJC_LITERAL_CONVERSION = YES;
				CLANG_WARN_OBJC_ROOT_CLASS = YES_ERROR;
				CLANG_WARN_RANGE_LOOP_ANALYSIS = YES;
				CLANG_WARN_STRICT_PROTOTYPES = YES;
				CLANG_WARN_SUSPICIOUS_MOVE = YES;
				CLANG_WARN_UNREACHABLE_CODE = YES;
				CLANG_WARN__DUPLICATE_METHOD_MATCH = YES;
				ENABLE_NS_ASSERTIONS = NO;
				ENABLE_STRICT_OBJC_MSGSEND = YES;
				GCC_NO_COMMON_BLOCKS = YES;
				GCC_WARN_64_TO_32_BIT_CONVERSION = YES;
				GCC_WARN_ABOUT_RETURN_TYPE = YES_ERROR;
				GCC_WARN_UNDECLARED_SELECTOR = YES;
				GCC_WARN_UNINITIALIZED_AUTOS = YES_AGGRESSIVE;
				GCC_WARN_UNUSED_FUNCTION = YES;
				GCC_WARN_UNUSED_VARIABLE = YES;
				INFOPLIST_FILE = Framework/Info.plist;
				IPHONEOS_DEPLOYMENT_TARGET = 9.0;
				MACOSX_DEPLOYMENT_TARGET = 10.10;
				MTL_ENABLE_DEBUG_INFO = NO;
				SDKROOT = iphoneos;
				SWIFT_COMPILATION_MODE = wholemodule;
				SWIFT_VERSION = 4.0;
				TVOS_DEPLOYMENT_TARGET = 9.0;
				VALIDATE_PRODUCT = YES;
			};
			name = Release;
		};
		065A0FBD1A25C8E2005BA7BC /* Debug */ = {
			isa = XCBuildConfiguration;
			buildSettings = {
				ALWAYS_EMBED_SWIFT_STANDARD_LIBRARIES = YES;
				ASSETCATALOG_COMPILER_APPICON_NAME = AppIcon;
				CODE_SIGN_IDENTITY = "iPhone Developer";
				CODE_SIGN_STYLE = Automatic;
				COPY_PHASE_STRIP = NO;
				DEVELOPMENT_TEAM = 9V456WSURS;
				INFOPLIST_FILE = "$(SRCROOT)/Player/Info.plist";
				LD_RUNPATH_SEARCH_PATHS = "$(inherited) @executable_path/Frameworks";
				PRODUCT_BUNDLE_IDENTIFIER = "com.patrickpiemonte.$(PRODUCT_NAME:rfc1034identifier)";
				PRODUCT_NAME = "Player iOS";
				PROVISIONING_PROFILE_SPECIFIER = "";
			};
			name = Debug;
		};
		065A0FBE1A25C8E2005BA7BC /* Release */ = {
			isa = XCBuildConfiguration;
			buildSettings = {
				ALWAYS_EMBED_SWIFT_STANDARD_LIBRARIES = YES;
				ASSETCATALOG_COMPILER_APPICON_NAME = AppIcon;
				CODE_SIGN_IDENTITY = "iPhone Developer";
				CODE_SIGN_STYLE = Automatic;
				COPY_PHASE_STRIP = NO;
				DEVELOPMENT_TEAM = 9V456WSURS;
				INFOPLIST_FILE = "$(SRCROOT)/Player/Info.plist";
				LD_RUNPATH_SEARCH_PATHS = "$(inherited) @executable_path/Frameworks";
				PRODUCT_BUNDLE_IDENTIFIER = "com.patrickpiemonte.$(PRODUCT_NAME:rfc1034identifier)";
				PRODUCT_NAME = "Player iOS";
				PROVISIONING_PROFILE_SPECIFIER = "";
			};
			name = Release;
		};
		848DE8E220D86AEF000807C4 /* Debug */ = {
			isa = XCBuildConfiguration;
			buildSettings = {
				ALWAYS_EMBED_SWIFT_STANDARD_LIBRARIES = YES;
				ASSETCATALOG_COMPILER_APPICON_NAME = AppIcon;
				CLANG_ANALYZER_NONNULL = YES;
				CLANG_ANALYZER_NUMBER_OBJECT_CONVERSION = YES_AGGRESSIVE;
				CLANG_CXX_LANGUAGE_STANDARD = "gnu++14";
				CLANG_CXX_LIBRARY = "libc++";
				CLANG_ENABLE_OBJC_WEAK = YES;
				CLANG_WARN_DEPRECATED_OBJC_IMPLEMENTATIONS = YES;
				CLANG_WARN_DOCUMENTATION_COMMENTS = YES;
				CLANG_WARN_OBJC_IMPLICIT_RETAIN_SELF = YES;
				CLANG_WARN_UNGUARDED_AVAILABILITY = YES_AGGRESSIVE;
				CODE_SIGN_ENTITLEMENTS = PlayerMac/Player.entitlements;
				CODE_SIGN_IDENTITY = "Mac Developer";
				CODE_SIGN_STYLE = Automatic;
				COMBINE_HIDPI_IMAGES = YES;
				COPY_PHASE_STRIP = NO;
				DEBUG_INFORMATION_FORMAT = dwarf;
				DEVELOPMENT_TEAM = 9V456WSURS;
				GCC_C_LANGUAGE_STANDARD = gnu11;
				GCC_DYNAMIC_NO_PIC = NO;
				GCC_OPTIMIZATION_LEVEL = 0;
				INFOPLIST_FILE = "$(SRCROOT)/PlayerMac/Info.plist";
				LD_RUNPATH_SEARCH_PATHS = "$(inherited) @executable_path/../Frameworks";
				MACOSX_DEPLOYMENT_TARGET = 10.13;
				PRODUCT_BUNDLE_IDENTIFIER = "com.bigzlabs.Player-macOS";
				PRODUCT_NAME = "$(TARGET_NAME)";
				PROVISIONING_PROFILE_SPECIFIER = "";
				SDKROOT = macosx;
				SWIFT_ACTIVE_COMPILATION_CONDITIONS = DEBUG;
				SWIFT_VERSION = 4.0;
			};
			name = Debug;
		};
		848DE8E320D86AEF000807C4 /* Release */ = {
			isa = XCBuildConfiguration;
			buildSettings = {
				ALWAYS_EMBED_SWIFT_STANDARD_LIBRARIES = YES;
				ASSETCATALOG_COMPILER_APPICON_NAME = AppIcon;
				CLANG_ANALYZER_NONNULL = YES;
				CLANG_ANALYZER_NUMBER_OBJECT_CONVERSION = YES_AGGRESSIVE;
				CLANG_CXX_LANGUAGE_STANDARD = "gnu++14";
				CLANG_CXX_LIBRARY = "libc++";
				CLANG_ENABLE_OBJC_WEAK = YES;
				CLANG_WARN_DEPRECATED_OBJC_IMPLEMENTATIONS = YES;
				CLANG_WARN_DOCUMENTATION_COMMENTS = YES;
				CLANG_WARN_OBJC_IMPLICIT_RETAIN_SELF = YES;
				CLANG_WARN_UNGUARDED_AVAILABILITY = YES_AGGRESSIVE;
				CODE_SIGN_ENTITLEMENTS = PlayerMac/Player.entitlements;
				CODE_SIGN_IDENTITY = "Mac Developer";
				CODE_SIGN_STYLE = Automatic;
				COMBINE_HIDPI_IMAGES = YES;
				COPY_PHASE_STRIP = NO;
				DEBUG_INFORMATION_FORMAT = "dwarf-with-dsym";
				DEVELOPMENT_TEAM = 9V456WSURS;
				GCC_C_LANGUAGE_STANDARD = gnu11;
				INFOPLIST_FILE = "$(SRCROOT)/PlayerMac/Info.plist";
				LD_RUNPATH_SEARCH_PATHS = "$(inherited) @executable_path/../Frameworks";
				MACOSX_DEPLOYMENT_TARGET = 10.13;
				PRODUCT_BUNDLE_IDENTIFIER = "com.bigzlabs.Player-macOS";
				PRODUCT_NAME = "$(TARGET_NAME)";
				PROVISIONING_PROFILE_SPECIFIER = "";
				SDKROOT = macosx;
				SWIFT_OPTIMIZATION_LEVEL = "-Owholemodule";
				SWIFT_VERSION = 4.0;
			};
			name = Release;
		};
/* End XCBuildConfiguration section */

/* Begin XCConfigurationList section */
		04B4E64B1C1E8A7C00E20778 /* Build configuration list for PBXNativeTarget "Player_tv" */ = {
			isa = XCConfigurationList;
			buildConfigurations = (
				04B4E6491C1E8A7C00E20778 /* Debug */,
				04B4E64A1C1E8A7C00E20778 /* Release */,
			);
			defaultConfigurationIsVisible = 0;
			defaultConfigurationName = Release;
		};
		0638A5361E01BBF8009EE18B /* Build configuration list for PBXNativeTarget "Player" */ = {
			isa = XCConfigurationList;
			buildConfigurations = (
				0620AB4B1E01CD5900AB27E8 /* Debug */,
				0620AB4C1E01CD5900AB27E8 /* Release */,
			);
			defaultConfigurationIsVisible = 0;
			defaultConfigurationName = Release;
		};
		065A0F981A25C8E2005BA7BC /* Build configuration list for PBXProject "Player" */ = {
			isa = XCConfigurationList;
			buildConfigurations = (
				065A0FBA1A25C8E2005BA7BC /* Debug */,
				065A0FBB1A25C8E2005BA7BC /* Release */,
			);
			defaultConfigurationIsVisible = 0;
			defaultConfigurationName = Release;
		};
		065A0FBC1A25C8E2005BA7BC /* Build configuration list for PBXNativeTarget "Player_iOS" */ = {
			isa = XCConfigurationList;
			buildConfigurations = (
				065A0FBD1A25C8E2005BA7BC /* Debug */,
				065A0FBE1A25C8E2005BA7BC /* Release */,
			);
			defaultConfigurationIsVisible = 0;
			defaultConfigurationName = Release;
		};
		848DE8E120D86AEF000807C4 /* Build configuration list for PBXNativeTarget "Player_macOS" */ = {
			isa = XCConfigurationList;
			buildConfigurations = (
				848DE8E220D86AEF000807C4 /* Debug */,
				848DE8E320D86AEF000807C4 /* Release */,
			);
			defaultConfigurationIsVisible = 0;
			defaultConfigurationName = Release;
		};
/* End XCConfigurationList section */
	};
	rootObject = 065A0F951A25C8E2005BA7BC /* Project object */;
}
