// !$*UTF8*$!
{
	archiveVersion = 1;
	classes = {
	};
	objectVersion = 46;
	objects = {

/* Begin PBXBuildFile section */
		8513B0AC1EBFB73500A9D025 /* Player_iOS.h in Headers */ = {isa = PBXBuildFile; fileRef = 8513B0AA1EBFB73500A9D025 /* Player_iOS.h */; settings = {ATTRIBUTES = (Public, ); }; };
		8513B0C61EBFB92600A9D025 /* Player_tvOS.h in Headers */ = {isa = PBXBuildFile; fileRef = 8513B0C41EBFB92600A9D025 /* Player_tvOS.h */; settings = {ATTRIBUTES = (Public, ); }; };
/* End PBXBuildFile section */

/* Begin PBXFileReference section */
		04B4E63F1C1E8A7B00E20778 /* AppDelegate.swift */ = {isa = PBXFileReference; lastKnownFileType = sourcecode.swift; path = AppDelegate.swift; sourceTree = "<group>"; };
		04B4E6411C1E8A7B00E20778 /* ViewController.swift */ = {isa = PBXFileReference; lastKnownFileType = sourcecode.swift; path = ViewController.swift; sourceTree = "<group>"; };
		04B4E6461C1E8A7C00E20778 /* Assets.xcassets */ = {isa = PBXFileReference; lastKnownFileType = folder.assetcatalog; path = Assets.xcassets; sourceTree = "<group>"; };
		04B4E6481C1E8A7C00E20778 /* Info.plist */ = {isa = PBXFileReference; lastKnownFileType = text.plist.xml; path = Info.plist; sourceTree = "<group>"; };
		065677291A26C59B0038C208 /* Base.xcconfig */ = {isa = PBXFileReference; lastKnownFileType = text.xcconfig; path = Base.xcconfig; sourceTree = SOURCE_ROOT; };
		0656772A1A26C59B0038C208 /* Debug.xcconfig */ = {isa = PBXFileReference; lastKnownFileType = text.xcconfig; path = Debug.xcconfig; sourceTree = SOURCE_ROOT; };
		065A0FA11A25C8E2005BA7BC /* Info.plist */ = {isa = PBXFileReference; lastKnownFileType = text.plist.xml; path = Info.plist; sourceTree = "<group>"; };
		065A0FA21A25C8E2005BA7BC /* AppDelegate.swift */ = {isa = PBXFileReference; lastKnownFileType = sourcecode.swift; path = AppDelegate.swift; sourceTree = "<group>"; };
		065A0FA41A25C8E2005BA7BC /* ViewController.swift */ = {isa = PBXFileReference; lastKnownFileType = sourcecode.swift; path = ViewController.swift; sourceTree = "<group>"; };
		065A0FA91A25C8E2005BA7BC /* Assets.xcassets */ = {isa = PBXFileReference; lastKnownFileType = folder.assetcatalog; path = Assets.xcassets; sourceTree = "<group>"; };
		065A0FAC1A25C8E2005BA7BC /* Base */ = {isa = PBXFileReference; lastKnownFileType = file.xib; name = Base; path = Base.lproj/LaunchScreen.xib; sourceTree = "<group>"; };
		065A0FC51A25C94B005BA7BC /* Player.swift */ = {isa = PBXFileReference; fileEncoding = 4; lastKnownFileType = sourcecode.swift; name = Player.swift; path = ../Sources/Player.swift; sourceTree = "<group>"; };
		06C6A5891A89E952009DC6EA /* Release.xcconfig */ = {isa = PBXFileReference; lastKnownFileType = text.xcconfig; path = Release.xcconfig; sourceTree = SOURCE_ROOT; };
		8513B0A81EBFB73500A9D025 /* Player_iOS.framework */ = {isa = PBXFileReference; explicitFileType = wrapper.framework; includeInIndex = 0; path = Player_iOS.framework; sourceTree = BUILT_PRODUCTS_DIR; };
		8513B0AA1EBFB73500A9D025 /* Player_iOS.h */ = {isa = PBXFileReference; lastKnownFileType = sourcecode.c.h; path = Player_iOS.h; sourceTree = "<group>"; };
		8513B0AB1EBFB73500A9D025 /* Info.plist */ = {isa = PBXFileReference; lastKnownFileType = text.plist.xml; path = Info.plist; sourceTree = "<group>"; };
		8513B0B71EBFB74F00A9D025 /* Player_tvOS.h */ = {isa = PBXFileReference; lastKnownFileType = sourcecode.c.h; path = Player_tvOS.h; sourceTree = "<group>"; };
		8513B0B81EBFB74F00A9D025 /* Info.plist */ = {isa = PBXFileReference; lastKnownFileType = text.plist.xml; path = Info.plist; sourceTree = "<group>"; };
		8513B0C21EBFB92600A9D025 /* Player_tvOS.framework */ = {isa = PBXFileReference; explicitFileType = wrapper.framework; includeInIndex = 0; path = Player_tvOS.framework; sourceTree = BUILT_PRODUCTS_DIR; };
		8513B0C41EBFB92600A9D025 /* Player_tvOS.h */ = {isa = PBXFileReference; lastKnownFileType = sourcecode.c.h; path = Player_tvOS.h; sourceTree = "<group>"; };
		8513B0C51EBFB92600A9D025 /* Info.plist */ = {isa = PBXFileReference; lastKnownFileType = text.plist.xml; path = Info.plist; sourceTree = "<group>"; };
/* End PBXFileReference section */

/* Begin PBXFrameworksBuildPhase section */
		8513B0A41EBFB73500A9D025 /* Frameworks */ = {
			isa = PBXFrameworksBuildPhase;
			buildActionMask = 2147483647;
			files = (
			);
			runOnlyForDeploymentPostprocessing = 0;
		};
		8513B0BE1EBFB92600A9D025 /* Frameworks */ = {
			isa = PBXFrameworksBuildPhase;
			buildActionMask = 2147483647;
			files = (
			);
			runOnlyForDeploymentPostprocessing = 0;
		};
/* End PBXFrameworksBuildPhase section */

/* Begin PBXGroup section */
		04B4E63E1C1E8A7B00E20778 /* tvOS */ = {
			isa = PBXGroup;
			children = (
				04B4E63F1C1E8A7B00E20778 /* AppDelegate.swift */,
				04B4E6411C1E8A7B00E20778 /* ViewController.swift */,
				04B4E6461C1E8A7C00E20778 /* Assets.xcassets */,
				04D702CE1C1E8B8F00879C91 /* Supporting Files */,
			);
			name = tvOS;
			path = PlayerTV;
			sourceTree = "<group>";
		};
		04D702CE1C1E8B8F00879C91 /* Supporting Files */ = {
			isa = PBXGroup;
			children = (
				04B4E6481C1E8A7C00E20778 /* Info.plist */,
			);
			name = "Supporting Files";
			sourceTree = "<group>";
		};
		0638A5391E01C4DB009EE18B /* Common */ = {
			isa = PBXGroup;
			children = (
				065677291A26C59B0038C208 /* Base.xcconfig */,
				0656772A1A26C59B0038C208 /* Debug.xcconfig */,
				06C6A5891A89E952009DC6EA /* Release.xcconfig */,
			);
			name = Common;
			sourceTree = "<group>";
		};
		065A0F941A25C8E2005BA7BC = {
			isa = PBXGroup;
			children = (
				065A0FC21A25C917005BA7BC /* Player */,
				0638A5391E01C4DB009EE18B /* Common */,
				065A0F9F1A25C8E2005BA7BC /* iOS */,
				04B4E63E1C1E8A7B00E20778 /* tvOS */,
				8513B0A91EBFB73500A9D025 /* Player_iOS */,
				8513B0B61EBFB74F00A9D025 /* Player_tvOS */,
				8513B0C31EBFB92600A9D025 /* Player_tvOS */,
				065A0F9E1A25C8E2005BA7BC /* Products */,
			);
			sourceTree = "<group>";
		};
		065A0F9E1A25C8E2005BA7BC /* Products */ = {
			isa = PBXGroup;
			children = (
				8513B0A81EBFB73500A9D025 /* Player_iOS.framework */,
				8513B0C21EBFB92600A9D025 /* Player_tvOS.framework */,
			);
			name = Products;
			sourceTree = "<group>";
		};
		065A0F9F1A25C8E2005BA7BC /* iOS */ = {
			isa = PBXGroup;
			children = (
				065A0FA21A25C8E2005BA7BC /* AppDelegate.swift */,
				065A0FA41A25C8E2005BA7BC /* ViewController.swift */,
				065A0FA91A25C8E2005BA7BC /* Assets.xcassets */,
				065A0FAB1A25C8E2005BA7BC /* LaunchScreen.xib */,
				065A0FA01A25C8E2005BA7BC /* Supporting Files */,
			);
			name = iOS;
			path = Player;
			sourceTree = "<group>";
		};
		065A0FA01A25C8E2005BA7BC /* Supporting Files */ = {
			isa = PBXGroup;
			children = (
				065A0FA11A25C8E2005BA7BC /* Info.plist */,
			);
			name = "Supporting Files";
			sourceTree = "<group>";
		};
		065A0FC21A25C917005BA7BC /* Player */ = {
			isa = PBXGroup;
			children = (
				065A0FC51A25C94B005BA7BC /* Player.swift */,
			);
			name = Player;
			sourceTree = "<group>";
		};
		8513B0A91EBFB73500A9D025 /* Player_iOS */ = {
			isa = PBXGroup;
			children = (
				8513B0AA1EBFB73500A9D025 /* Player_iOS.h */,
				8513B0AB1EBFB73500A9D025 /* Info.plist */,
			);
			path = Player_iOS;
			sourceTree = "<group>";
		};
		8513B0B61EBFB74F00A9D025 /* Player_tvOS */ = {
			isa = PBXGroup;
			children = (
				8513B0B71EBFB74F00A9D025 /* Player_tvOS.h */,
				8513B0B81EBFB74F00A9D025 /* Info.plist */,
			);
			path = Player_tvOS;
			sourceTree = "<group>";
		};
		8513B0C31EBFB92600A9D025 /* Player_tvOS */ = {
			isa = PBXGroup;
			children = (
				8513B0C41EBFB92600A9D025 /* Player_tvOS.h */,
				8513B0C51EBFB92600A9D025 /* Info.plist */,
			);
			path = Player_tvOS;
			sourceTree = "<group>";
		};
/* End PBXGroup section */

/* Begin PBXHeadersBuildPhase section */
		8513B0A51EBFB73500A9D025 /* Headers */ = {
			isa = PBXHeadersBuildPhase;
			buildActionMask = 2147483647;
			files = (
				8513B0AC1EBFB73500A9D025 /* Player_iOS.h in Headers */,
			);
			runOnlyForDeploymentPostprocessing = 0;
		};
		8513B0BF1EBFB92600A9D025 /* Headers */ = {
			isa = PBXHeadersBuildPhase;
			buildActionMask = 2147483647;
			files = (
				8513B0C61EBFB92600A9D025 /* Player_tvOS.h in Headers */,
			);
			runOnlyForDeploymentPostprocessing = 0;
		};
/* End PBXHeadersBuildPhase section */

/* Begin PBXNativeTarget section */
		8513B0A71EBFB73500A9D025 /* Player_iOS */ = {
			isa = PBXNativeTarget;
			buildConfigurationList = 8513B0AD1EBFB73500A9D025 /* Build configuration list for PBXNativeTarget "Player_iOS" */;
			buildPhases = (
				8513B0A31EBFB73500A9D025 /* Sources */,
				8513B0A41EBFB73500A9D025 /* Frameworks */,
				8513B0A51EBFB73500A9D025 /* Headers */,
				8513B0A61EBFB73500A9D025 /* Resources */,
			);
			buildRules = (
			);
			dependencies = (
			);
			name = Player_iOS;
			productName = Player_iOS;
			productReference = 8513B0A81EBFB73500A9D025 /* Player_iOS.framework */;
			productType = "com.apple.product-type.framework";
		};
		8513B0C11EBFB92600A9D025 /* Player_tvOS */ = {
			isa = PBXNativeTarget;
			buildConfigurationList = 8513B0C71EBFB92600A9D025 /* Build configuration list for PBXNativeTarget "Player_tvOS" */;
			buildPhases = (
				8513B0BD1EBFB92600A9D025 /* Sources */,
				8513B0BE1EBFB92600A9D025 /* Frameworks */,
				8513B0BF1EBFB92600A9D025 /* Headers */,
				8513B0C01EBFB92600A9D025 /* Resources */,
			);
			buildRules = (
			);
			dependencies = (
			);
			name = Player_tvOS;
			productName = Player_tvOS;
			productReference = 8513B0C21EBFB92600A9D025 /* Player_tvOS.framework */;
			productType = "com.apple.product-type.framework";
		};
/* End PBXNativeTarget section */

/* Begin PBXProject section */
		065A0F951A25C8E2005BA7BC /* Project object */ = {
			isa = PBXProject;
			attributes = {
				LastSwiftMigration = 0700;
				LastSwiftUpdateCheck = 0720;
				LastUpgradeCheck = 0820;
				ORGANIZATIONNAME = "Patrick Piemonte";
				TargetAttributes = {
					8513B0A71EBFB73500A9D025 = {
						CreatedOnToolsVersion = 8.3.2;
						ProvisioningStyle = Automatic;
					};
					8513B0C11EBFB92600A9D025 = {
						CreatedOnToolsVersion = 8.3.2;
						ProvisioningStyle = Automatic;
					};
				};
			};
			buildConfigurationList = 065A0F981A25C8E2005BA7BC /* Build configuration list for PBXProject "Player" */;
			compatibilityVersion = "Xcode 3.2";
			developmentRegion = English;
			hasScannedForEncodings = 0;
			knownRegions = (
				en,
				Base,
			);
			mainGroup = 065A0F941A25C8E2005BA7BC;
			productRefGroup = 065A0F9E1A25C8E2005BA7BC /* Products */;
			projectDirPath = "";
			projectRoot = "";
			targets = (
				8513B0A71EBFB73500A9D025 /* Player_iOS */,
				8513B0C11EBFB92600A9D025 /* Player_tvOS */,
			);
		};
/* End PBXProject section */

/* Begin PBXResourcesBuildPhase section */
		8513B0A61EBFB73500A9D025 /* Resources */ = {
			isa = PBXResourcesBuildPhase;
			buildActionMask = 2147483647;
			files = (
			);
			runOnlyForDeploymentPostprocessing = 0;
		};
		8513B0C01EBFB92600A9D025 /* Resources */ = {
			isa = PBXResourcesBuildPhase;
			buildActionMask = 2147483647;
			files = (
			);
			runOnlyForDeploymentPostprocessing = 0;
		};
/* End PBXResourcesBuildPhase section */

/* Begin PBXSourcesBuildPhase section */
		8513B0A31EBFB73500A9D025 /* Sources */ = {
			isa = PBXSourcesBuildPhase;
			buildActionMask = 2147483647;
			files = (
			);
			runOnlyForDeploymentPostprocessing = 0;
		};
		8513B0BD1EBFB92600A9D025 /* Sources */ = {
			isa = PBXSourcesBuildPhase;
			buildActionMask = 2147483647;
			files = (
			);
			runOnlyForDeploymentPostprocessing = 0;
		};
/* End PBXSourcesBuildPhase section */

/* Begin PBXVariantGroup section */
		065A0FAB1A25C8E2005BA7BC /* LaunchScreen.xib */ = {
			isa = PBXVariantGroup;
			children = (
				065A0FAC1A25C8E2005BA7BC /* Base */,
			);
			name = LaunchScreen.xib;
			sourceTree = "<group>";
		};
/* End PBXVariantGroup section */

/* Begin XCBuildConfiguration section */
		065A0FBA1A25C8E2005BA7BC /* Debug */ = {
			isa = XCBuildConfiguration;
			baseConfigurationReference = 0656772A1A26C59B0038C208 /* Debug.xcconfig */;
			buildSettings = {
				CLANG_ENABLE_MODULES = YES;
				CLANG_ENABLE_OBJC_ARC = YES;
				CLANG_WARN_DIRECT_OBJC_ISA_USAGE = YES_ERROR;
				CLANG_WARN_INFINITE_RECURSION = YES;
				CLANG_WARN_OBJC_ROOT_CLASS = YES_ERROR;
				CLANG_WARN_SUSPICIOUS_MOVE = YES;
				CLANG_WARN_UNREACHABLE_CODE = YES;
				CLANG_WARN__DUPLICATE_METHOD_MATCH = YES;
				"CODE_SIGN_IDENTITY[sdk=iphoneos*]" = "iPhone Developer";
				ENABLE_STRICT_OBJC_MSGSEND = YES;
				ENABLE_TESTABILITY = YES;
				GCC_NO_COMMON_BLOCKS = YES;
				GCC_PREPROCESSOR_DEFINITIONS = (
					"DEBUG=1",
					"$(inherited)",
				);
				GCC_WARN_ABOUT_RETURN_TYPE = YES_ERROR;
				GCC_WARN_UNINITIALIZED_AUTOS = YES_AGGRESSIVE;
				INFOPLIST_FILE = Framework/Info.plist;
				MTL_ENABLE_DEBUG_INFO = YES;
				ONLY_ACTIVE_ARCH = YES;
				SDKROOT = iphoneos;
				SWIFT_OPTIMIZATION_LEVEL = "-Onone";
			};
			name = Debug;
		};
		065A0FBB1A25C8E2005BA7BC /* Release */ = {
			isa = XCBuildConfiguration;
			baseConfigurationReference = 06C6A5891A89E952009DC6EA /* Release.xcconfig */;
			buildSettings = {
				CLANG_ENABLE_MODULES = YES;
				CLANG_ENABLE_OBJC_ARC = YES;
				CLANG_WARN_DIRECT_OBJC_ISA_USAGE = YES_ERROR;
				CLANG_WARN_INFINITE_RECURSION = YES;
				CLANG_WARN_OBJC_ROOT_CLASS = YES_ERROR;
				CLANG_WARN_SUSPICIOUS_MOVE = YES;
				CLANG_WARN_UNREACHABLE_CODE = YES;
				CLANG_WARN__DUPLICATE_METHOD_MATCH = YES;
				"CODE_SIGN_IDENTITY[sdk=iphoneos*]" = "iPhone Developer";
				COPY_PHASE_STRIP = YES;
				ENABLE_NS_ASSERTIONS = NO;
				ENABLE_STRICT_OBJC_MSGSEND = YES;
				GCC_NO_COMMON_BLOCKS = YES;
				GCC_WARN_ABOUT_RETURN_TYPE = YES_ERROR;
				GCC_WARN_UNINITIALIZED_AUTOS = YES_AGGRESSIVE;
				INFOPLIST_FILE = Framework/Info.plist;
				MTL_ENABLE_DEBUG_INFO = NO;
				SDKROOT = iphoneos;
				VALIDATE_PRODUCT = YES;
			};
			name = Release;
		};
		8513B0AE1EBFB73500A9D025 /* Debug */ = {
			isa = XCBuildConfiguration;
			buildSettings = {
				ALWAYS_SEARCH_USER_PATHS = NO;
				CLANG_ANALYZER_NONNULL = YES;
				CLANG_ANALYZER_NUMBER_OBJECT_CONVERSION = YES_AGGRESSIVE;
				CLANG_CXX_LANGUAGE_STANDARD = "gnu++0x";
				CLANG_CXX_LIBRARY = "libc++";
				CLANG_WARN_BOOL_CONVERSION = YES;
				CLANG_WARN_CONSTANT_CONVERSION = YES;
				CLANG_WARN_DOCUMENTATION_COMMENTS = YES;
				CLANG_WARN_EMPTY_BODY = YES;
				CLANG_WARN_ENUM_CONVERSION = YES;
				CLANG_WARN_INT_CONVERSION = YES;
				CODE_SIGN_IDENTITY = "";
				COPY_PHASE_STRIP = NO;
				CURRENT_PROJECT_VERSION = 1;
				DEBUG_INFORMATION_FORMAT = dwarf;
				DEFINES_MODULE = YES;
				DYLIB_COMPATIBILITY_VERSION = 1;
				DYLIB_CURRENT_VERSION = 1;
				DYLIB_INSTALL_NAME_BASE = "@rpath";
				GCC_C_LANGUAGE_STANDARD = gnu99;
				GCC_DYNAMIC_NO_PIC = NO;
				GCC_OPTIMIZATION_LEVEL = 0;
				GCC_WARN_64_TO_32_BIT_CONVERSION = YES;
				GCC_WARN_UNDECLARED_SELECTOR = YES;
				GCC_WARN_UNUSED_FUNCTION = YES;
				GCC_WARN_UNUSED_VARIABLE = YES;
				INFOPLIST_FILE = Player_iOS/Info.plist;
				INSTALL_PATH = "$(LOCAL_LIBRARY_DIR)/Frameworks";
				IPHONEOS_DEPLOYMENT_TARGET = 10.3;
				LD_DYLIB_INSTALL_NAME = "$(DYLIB_INSTALL_NAME_BASE:standardizepath)/$(EXECUTABLE_PATH)";
				LD_RUNPATH_SEARCH_PATHS = "$(inherited) @executable_path/Frameworks @loader_path/Frameworks";
				PRODUCT_BUNDLE_IDENTIFIER = "com.patrickpiemonte.Player-iOS";
				PRODUCT_NAME = Player;
				SKIP_INSTALL = YES;
				SWIFT_ACTIVE_COMPILATION_CONDITIONS = DEBUG;
				SWIFT_VERSION = 3.0;
				TARGETED_DEVICE_FAMILY = "1,2";
				VERSIONING_SYSTEM = "apple-generic";
				VERSION_INFO_PREFIX = "";
			};
			name = Debug;
		};
		8513B0AF1EBFB73500A9D025 /* Release */ = {
			isa = XCBuildConfiguration;
			buildSettings = {
				ALWAYS_SEARCH_USER_PATHS = NO;
				CLANG_ANALYZER_NONNULL = YES;
				CLANG_ANALYZER_NUMBER_OBJECT_CONVERSION = YES_AGGRESSIVE;
				CLANG_CXX_LANGUAGE_STANDARD = "gnu++0x";
				CLANG_CXX_LIBRARY = "libc++";
				CLANG_WARN_BOOL_CONVERSION = YES;
				CLANG_WARN_CONSTANT_CONVERSION = YES;
				CLANG_WARN_DOCUMENTATION_COMMENTS = YES;
				CLANG_WARN_EMPTY_BODY = YES;
				CLANG_WARN_ENUM_CONVERSION = YES;
				CLANG_WARN_INT_CONVERSION = YES;
				CODE_SIGN_IDENTITY = "";
				COPY_PHASE_STRIP = NO;
				CURRENT_PROJECT_VERSION = 1;
				DEBUG_INFORMATION_FORMAT = "dwarf-with-dsym";
				DEFINES_MODULE = YES;
				DYLIB_COMPATIBILITY_VERSION = 1;
				DYLIB_CURRENT_VERSION = 1;
				DYLIB_INSTALL_NAME_BASE = "@rpath";
				GCC_C_LANGUAGE_STANDARD = gnu99;
				GCC_WARN_64_TO_32_BIT_CONVERSION = YES;
				GCC_WARN_UNDECLARED_SELECTOR = YES;
				GCC_WARN_UNUSED_FUNCTION = YES;
				GCC_WARN_UNUSED_VARIABLE = YES;
				INFOPLIST_FILE = Player_iOS/Info.plist;
				INSTALL_PATH = "$(LOCAL_LIBRARY_DIR)/Frameworks";
				IPHONEOS_DEPLOYMENT_TARGET = 10.3;
				LD_DYLIB_INSTALL_NAME = "$(DYLIB_INSTALL_NAME_BASE:standardizepath)/$(EXECUTABLE_PATH)";
				LD_RUNPATH_SEARCH_PATHS = "$(inherited) @executable_path/Frameworks @loader_path/Frameworks";
				PRODUCT_BUNDLE_IDENTIFIER = "com.patrickpiemonte.Player-iOS";
				PRODUCT_NAME = Player;
				SKIP_INSTALL = YES;
				SWIFT_OPTIMIZATION_LEVEL = "-Owholemodule";
				SWIFT_VERSION = 3.0;
				TARGETED_DEVICE_FAMILY = "1,2";
				VERSIONING_SYSTEM = "apple-generic";
				VERSION_INFO_PREFIX = "";
			};
			name = Release;
		};
		8513B0C81EBFB92600A9D025 /* Debug */ = {
			isa = XCBuildConfiguration;
			buildSettings = {
				ALWAYS_SEARCH_USER_PATHS = NO;
				CLANG_ANALYZER_NONNULL = YES;
				CLANG_ANALYZER_NUMBER_OBJECT_CONVERSION = YES_AGGRESSIVE;
				CLANG_CXX_LANGUAGE_STANDARD = "gnu++0x";
				CLANG_CXX_LIBRARY = "libc++";
				CLANG_WARN_BOOL_CONVERSION = YES;
				CLANG_WARN_CONSTANT_CONVERSION = YES;
				CLANG_WARN_DOCUMENTATION_COMMENTS = YES;
				CLANG_WARN_EMPTY_BODY = YES;
				CLANG_WARN_ENUM_CONVERSION = YES;
				CLANG_WARN_INT_CONVERSION = YES;
				CODE_SIGN_IDENTITY = "";
				COPY_PHASE_STRIP = NO;
				CURRENT_PROJECT_VERSION = 1;
				DEBUG_INFORMATION_FORMAT = dwarf;
				DEFINES_MODULE = YES;
				DYLIB_COMPATIBILITY_VERSION = 1;
				DYLIB_CURRENT_VERSION = 1;
				DYLIB_INSTALL_NAME_BASE = "@rpath";
				GCC_C_LANGUAGE_STANDARD = gnu99;
				GCC_DYNAMIC_NO_PIC = NO;
				GCC_OPTIMIZATION_LEVEL = 0;
				GCC_WARN_64_TO_32_BIT_CONVERSION = YES;
				GCC_WARN_UNDECLARED_SELECTOR = YES;
				GCC_WARN_UNUSED_FUNCTION = YES;
				GCC_WARN_UNUSED_VARIABLE = YES;
				INFOPLIST_FILE = Player_tvOS/Info.plist;
				INSTALL_PATH = "$(LOCAL_LIBRARY_DIR)/Frameworks";
				LD_RUNPATH_SEARCH_PATHS = "$(inherited) @executable_path/Frameworks @loader_path/Frameworks";
				PRODUCT_BUNDLE_IDENTIFIER = "com.patrickpiemonte.Player-tvOS";
				PRODUCT_NAME = Player;
				SDKROOT = appletvos;
				SKIP_INSTALL = YES;
				SWIFT_ACTIVE_COMPILATION_CONDITIONS = DEBUG;
				SWIFT_VERSION = 3.0;
				TARGETED_DEVICE_FAMILY = 3;
				TVOS_DEPLOYMENT_TARGET = 10.2;
				VERSIONING_SYSTEM = "apple-generic";
				VERSION_INFO_PREFIX = "";
			};
			name = Debug;
		};
		8513B0C91EBFB92600A9D025 /* Release */ = {
			isa = XCBuildConfiguration;
			buildSettings = {
				ALWAYS_SEARCH_USER_PATHS = NO;
				CLANG_ANALYZER_NONNULL = YES;
				CLANG_ANALYZER_NUMBER_OBJECT_CONVERSION = YES_AGGRESSIVE;
				CLANG_CXX_LANGUAGE_STANDARD = "gnu++0x";
				CLANG_CXX_LIBRARY = "libc++";
				CLANG_WARN_BOOL_CONVERSION = YES;
				CLANG_WARN_CONSTANT_CONVERSION = YES;
				CLANG_WARN_DOCUMENTATION_COMMENTS = YES;
				CLANG_WARN_EMPTY_BODY = YES;
				CLANG_WARN_ENUM_CONVERSION = YES;
				CLANG_WARN_INT_CONVERSION = YES;
				CODE_SIGN_IDENTITY = "";
				COPY_PHASE_STRIP = NO;
				CURRENT_PROJECT_VERSION = 1;
				DEBUG_INFORMATION_FORMAT = "dwarf-with-dsym";
				DEFINES_MODULE = YES;
				DYLIB_COMPATIBILITY_VERSION = 1;
				DYLIB_CURRENT_VERSION = 1;
				DYLIB_INSTALL_NAME_BASE = "@rpath";
				GCC_C_LANGUAGE_STANDARD = gnu99;
				GCC_WARN_64_TO_32_BIT_CONVERSION = YES;
				GCC_WARN_UNDECLARED_SELECTOR = YES;
				GCC_WARN_UNUSED_FUNCTION = YES;
				GCC_WARN_UNUSED_VARIABLE = YES;
				INFOPLIST_FILE = Player_tvOS/Info.plist;
				INSTALL_PATH = "$(LOCAL_LIBRARY_DIR)/Frameworks";
				LD_RUNPATH_SEARCH_PATHS = "$(inherited) @executable_path/Frameworks @loader_path/Frameworks";
				PRODUCT_BUNDLE_IDENTIFIER = "com.patrickpiemonte.Player-tvOS";
				PRODUCT_NAME = Player;
				SDKROOT = appletvos;
				SKIP_INSTALL = YES;
				SWIFT_OPTIMIZATION_LEVEL = "-Owholemodule";
				SWIFT_VERSION = 3.0;
				TARGETED_DEVICE_FAMILY = 3;
				TVOS_DEPLOYMENT_TARGET = 10.2;
				VERSIONING_SYSTEM = "apple-generic";
				VERSION_INFO_PREFIX = "";
			};
			name = Release;
		};
/* End XCBuildConfiguration section */

/* Begin XCConfigurationList section */
		065A0F981A25C8E2005BA7BC /* Build configuration list for PBXProject "Player" */ = {
			isa = XCConfigurationList;
			buildConfigurations = (
				065A0FBA1A25C8E2005BA7BC /* Debug */,
				065A0FBB1A25C8E2005BA7BC /* Release */,
			);
			defaultConfigurationIsVisible = 0;
			defaultConfigurationName = Release;
		};
		8513B0AD1EBFB73500A9D025 /* Build configuration list for PBXNativeTarget "Player_iOS" */ = {
			isa = XCConfigurationList;
			buildConfigurations = (
				8513B0AE1EBFB73500A9D025 /* Debug */,
				8513B0AF1EBFB73500A9D025 /* Release */,
			);
			defaultConfigurationIsVisible = 0;
		};
		8513B0C71EBFB92600A9D025 /* Build configuration list for PBXNativeTarget "Player_tvOS" */ = {
			isa = XCConfigurationList;
			buildConfigurations = (
				8513B0C81EBFB92600A9D025 /* Debug */,
				8513B0C91EBFB92600A9D025 /* Release */,
			);
			defaultConfigurationIsVisible = 0;
		};
/* End XCConfigurationList section */
	};
	rootObject = 065A0F951A25C8E2005BA7BC /* Project object */;
}
